
Microsoft Visual Studio Solution File, Format Version 12.00
# Visual Studio Version 17
VisualStudioVersion = 17.8.34330.188
MinimumVisualStudioVersion = 10.0.40219.1
Project("{FAE04EC0-301F-11D3-BF4B-00C04F79EFBC}") = "Jan19Console", "Jan19Console\Jan19Console.csproj", "{F4BEDED8-A3AE-4165-A2F8-60094B9E7801}"
EndProject
Global
	GlobalSection(SolutionConfigurationPlatforms) = preSolution
		Debug|Any CPU = Debug|Any CPU
		Release|Any CPU = Release|Any CPU
	EndGlobalSection
	GlobalSection(ProjectConfigurationPlatforms) = postSolution
		{F4BEDED8-A3AE-4165-A2F8-60094B9E7801}.Debug|Any CPU.ActiveCfg = Debug|Any CPU
		{F4BEDED8-A3AE-4165-A2F8-60094B9E7801}.Debug|Any CPU.Build.0 = Debug|Any CPU
		{F4BEDED8-A3AE-4165-A2F8-60094B9E7801}.Release|Any CPU.ActiveCfg = Release|Any CPU
		{F4BEDED8-A3AE-4165-A2F8-60094B9E7801}.Release|Any CPU.Build.0 = Release|Any CPU
	EndGlobalSection
	GlobalSection(SolutionProperties) = preSolution
		HideSolutionNode = FALSE
	EndGlobalSection
	GlobalSection(ExtensibilityGlobals) = postSolution
		SolutionGuid = {F7013EEB-21DA-43CC-9FB9-20224A865608}
	EndGlobalSection
EndGlobal
